
Microsoft Visual Studio Solution File, Format Version 12.00
# Visual Studio Version 17
VisualStudioVersion = 17.5.33424.131
MinimumVisualStudioVersion = 10.0.40219.1
Project("{FAE04EC0-301F-11D3-BF4B-00C04F79EFBC}") = "PeakPlannerAPI", "PeakPlanner\PeakPlannerAPI.csproj", "{D927BD75-8EC8-4CD4-B1EC-B58717E907CB}"
EndProject
Project("{E53339B2-1760-4266-BCC7-CA923CBCF16C}") = "docker-compose", "docker-compose.dcproj", "{62A262EA-357D-4CC5-94B3-559849F9D301}"
EndProject
Global
	GlobalSection(SolutionConfigurationPlatforms) = preSolution
		Debug|Any CPU = Debug|Any CPU
		Release|Any CPU = Release|Any CPU
	EndGlobalSection
	GlobalSection(ProjectConfigurationPlatforms) = postSolution
		{D927BD75-8EC8-4CD4-B1EC-B58717E907CB}.Debug|Any CPU.ActiveCfg = Debug|Any CPU
		{D927BD75-8EC8-4CD4-B1EC-B58717E907CB}.Debug|Any CPU.Build.0 = Debug|Any CPU
		{D927BD75-8EC8-4CD4-B1EC-B58717E907CB}.Release|Any CPU.ActiveCfg = Release|Any CPU
		{D927BD75-8EC8-4CD4-B1EC-B58717E907CB}.Release|Any CPU.Build.0 = Release|Any CPU
		{62A262EA-357D-4CC5-94B3-559849F9D301}.Debug|Any CPU.ActiveCfg = Debug|Any CPU
		{62A262EA-357D-4CC5-94B3-559849F9D301}.Debug|Any CPU.Build.0 = Debug|Any CPU
		{62A262EA-357D-4CC5-94B3-559849F9D301}.Release|Any CPU.ActiveCfg = Release|Any CPU
		{62A262EA-357D-4CC5-94B3-559849F9D301}.Release|Any CPU.Build.0 = Release|Any CPU
	EndGlobalSection
	GlobalSection(SolutionProperties) = preSolution
		HideSolutionNode = FALSE
	EndGlobalSection
	GlobalSection(ExtensibilityGlobals) = postSolution
		SolutionGuid = {A5FC64CA-757E-4348-89AE-FABDD4480F1B}
	EndGlobalSection
EndGlobal
